
Microsoft Visual Studio Solution File, Format Version 12.00
# Visual Studio Version 17
VisualStudioVersion = 17.0.32112.339
MinimumVisualStudioVersion = 10.0.40219.1
Project("{FAE04EC0-301F-11D3-BF4B-00C04F79EFBC}") = "security_Key", "security_Key\security_Key.csproj", "{430CB89C-A783-4A6F-B3FA-42DA096DFABA}"
EndProject
Global
	GlobalSection(SolutionConfigurationPlatforms) = preSolution
		Debug|Any CPU = Debug|Any CPU
		Release|Any CPU = Release|Any CPU
	EndGlobalSection
	GlobalSection(ProjectConfigurationPlatforms) = postSolution
		{430CB89C-A783-4A6F-B3FA-42DA096DFABA}.Debug|Any CPU.ActiveCfg = Debug|Any CPU
		{430CB89C-A783-4A6F-B3FA-42DA096DFABA}.Debug|Any CPU.Build.0 = Debug|Any CPU
		{430CB89C-A783-4A6F-B3FA-42DA096DFABA}.Release|Any CPU.ActiveCfg = Release|Any CPU
		{430CB89C-A783-4A6F-B3FA-42DA096DFABA}.Release|Any CPU.Build.0 = Release|Any CPU
	EndGlobalSection
	GlobalSection(SolutionProperties) = preSolution
		HideSolutionNode = FALSE
	EndGlobalSection
	GlobalSection(ExtensibilityGlobals) = postSolution
		SolutionGuid = {0F288C4E-E739-47F4-A4F5-25E489E1B416}
	EndGlobalSection
EndGlobal
